{
  "name": "bexbox-pl",
  "version": "1.0.0",
  "lockfileVersion": 3,
  "requires": true,
  "packages": {
    "": {
      "name": "bexbox-pl",
      "version": "1.0.0",
      "license": "ISC",
      "dependencies": {
        "sst": "4.5.7"
      },
      "devDependencies": {
        "@types/aws-lambda": "8.10.161"
      }
    },
    "node_modules/@types/aws-lambda": {
      "version": "8.10.161",
      "resolved": "https://registry.npmjs.org/@types/aws-lambda/-/aws-lambda-8.10.161.tgz",
      "integrity": "sha512-rUYdp+MQwSFocxIOcSsYSF3YYYC/uUpMbCY/mbO21vGqfrEYvNSoPyKYDj6RhXXpPfS0KstW9RwG3qXh9sL7FQ==",
      "dev": true,
      "license": "MIT"
    },
    "node_modules/aws4fetch": {
      "version": "1.0.18",
      "resolved": "https://registry.npmjs.org/aws4fetch/-/aws4fetch-1.0.18.tgz",
      "integrity": "sha512-3Cf+YaUl07p24MoQ46rFwulAmiyCwH2+1zw1ZyPAX5OtJ34Hh185DwB8y/qRLb6cYYYtSFJ9pthyLc0MD4e8sQ==",
      "license": "MIT"
    },
    "node_modules/jose": {
      "version": "5.2.3",
      "resolved": "https://registry.npmjs.org/jose/-/jose-5.2.3.tgz",
      "integrity": "sha512-KUXdbctm1uHVL8BYhnyHkgp3zDX5KW8ZhAKVFEfUbU2P8Alpzjb+48hHvjOdQIyPshoblhzsuqOwEEAbtHVirA==",
      "license": "MIT",
      "funding": {
        "url": "https://github.com/sponsors/panva"
      }
    },
    "node_modules/lru-cache": {
      "version": "6.0.0",
      "resolved": "https://registry.npmjs.org/lru-cache/-/lru-cache-6.0.0.tgz",
      "integrity": "sha512-Jo6dJ04CmSjuznwJSS3pUeWmd/H0ffTlkXXgwZi+eq1UCmqQwCh+eLsYOYCwY991i2Fah4h1BEMCx4qThGbsiA==",
      "license": "ISC",
      "dependencies": {
        "yallist": "^4.0.0"
      },
      "engines": {
        "node": ">=10"
      }
    },
    "node_modules/object-hash": {
      "version": "2.2.0",
      "resolved": "https://registry.npmjs.org/object-hash/-/object-hash-2.2.0.tgz",
      "integrity": "sha512-gScRMn0bS5fH+IuwyIFgnh9zBdo4DV+6GhygmWM9HyNJSgS0hScp1f5vjtm7oIIOiT9trXrShAkLFSc2IqKNgw==",
      "license": "MIT",
      "engines": {
        "node": ">= 6"
      }
    },
    "node_modules/oidc-token-hash": {
      "version": "5.2.0",
      "resolved": "https://registry.npmjs.org/oidc-token-hash/-/oidc-token-hash-5.2.0.tgz",
      "integrity": "sha512-6gj2m8cJZ+iSW8bm0FXdGF0YhIQbKrfP4yWTNzxc31U6MOjfEmB1rHvlYvxI1B7t7BCi1F2vYTT6YhtQRG4hxw==",
      "license": "MIT",
      "engines": {
        "node": "^10.13.0 || >=12.0.0"
      }
    },
    "node_modules/openid-client": {
      "version": "5.6.4",
      "resolved": "https://registry.npmjs.org/openid-client/-/openid-client-5.6.4.tgz",
      "integrity": "sha512-T1h3B10BRPKfcObdBklX639tVz+xh34O7GjofqrqiAQdm7eHsQ00ih18x6wuJ/E6FxdtS2u3FmUGPDeEcMwzNA==",
      "license": "MIT",
      "dependencies": {
        "jose": "^4.15.4",
        "lru-cache": "^6.0.0",
        "object-hash": "^2.2.0",
        "oidc-token-hash": "^5.0.3"
      },
      "funding": {
        "url": "https://github.com/sponsors/panva"
      }
    },
    "node_modules/openid-client/node_modules/jose": {
      "version": "4.15.9",
      "resolved": "https://registry.npmjs.org/jose/-/jose-4.15.9.tgz",
      "integrity": "sha512-1vUQX+IdDMVPj4k8kOxgUqlcK518yluMuGZwqlr44FS1ppZB/5GWh4rZG89erpOBOJjU/OBsnCVFfapsRz6nEA==",
      "license": "MIT",
      "funding": {
        "url": "https://github.com/sponsors/panva"
      }
    },
    "node_modules/sst": {
      "version": "4.5.7",
      "resolved": "https://registry.npmjs.org/sst/-/sst-4.5.7.tgz",
      "integrity": "sha512-EG4q641lY5u67uRqiMvpLiAOjFzMBCzQgKvfCWjklKyZh9JCU0JFiK17st5fPhSi/knFAmAqrHYhXIBiIZHIyA==",
      "license": "MIT",
      "dependencies": {
        "aws4fetch": "1.0.18",
        "jose": "5.2.3",
        "openid-client": "5.6.4"
      },
      "bin": {
        "sst": "bin/sst.mjs"
      },
      "optionalDependencies": {
        "sst-darwin-arm64": "4.5.7",
        "sst-darwin-x64": "4.5.7",
        "sst-linux-arm64": "4.5.7",
        "sst-linux-x64": "4.5.7",
        "sst-linux-x86": "4.5.7",
        "sst-win32-arm64": "4.5.7",
        "sst-win32-x64": "4.5.7",
        "sst-win32-x86": "4.5.7"
      }
    },
    "node_modules/sst-darwin-arm64": {
      "version": "4.5.7",
      "resolved": "https://registry.npmjs.org/sst-darwin-arm64/-/sst-darwin-arm64-4.5.7.tgz",
      "integrity": "sha512-zG25pa1ekvP6ebqCBnTUDjAxal04K5UMOq5jEnTr/vuR+nShZwN6oN5LFPu47vDhtX6KjHW26H2S017TB7nE2A==",
      "cpu": [
        "arm64"
      ],
      "license": "MIT",
      "optional": true,
      "os": [
        "darwin"
      ]
    },
    "node_modules/sst-darwin-x64": {
      "version": "4.5.7",
      "resolved": "https://registry.npmjs.org/sst-darwin-x64/-/sst-darwin-x64-4.5.7.tgz",
      "integrity": "sha512-3PuJn1Du9di5F+zGeufZib3w70wsNGk2XNhSNi+4VWUA5WnwhEK1Zk1A7hgRMI6y1gAN7AJ9Mc1mm0rsAt/PPw==",
      "cpu": [
        "x64"
      ],
      "license": "MIT",
      "optional": true,
      "os": [
        "darwin"
      ]
    },
    "node_modules/sst-linux-arm64": {
      "version": "4.5.7",
      "resolved": "https://registry.npmjs.org/sst-linux-arm64/-/sst-linux-arm64-4.5.7.tgz",
      "integrity": "sha512-CL2k+DdvVaOOf6TPPfcWsWZ4QIKkk5E9ypBkIBntLo7Zr8KPXbU33mpbji8jcyEOd2EqaMI53u9NnlMAhHdjrQ==",
      "cpu": [
        "arm64"
      ],
      "license": "MIT",
      "optional": true,
      "os": [
        "linux"
      ]
    },
    "node_modules/sst-linux-x64": {
      "version": "4.5.7",
      "resolved": "https://registry.npmjs.org/sst-linux-x64/-/sst-linux-x64-4.5.7.tgz",
      "integrity": "sha512-QUSkcolFm7EM2KEaXl8MV7vsNXeOcbbLDX//sIbM+52MXXJarpxZBHSRBRstH0IPw23uWRoaBjUclTiK/5V7wQ==",
      "cpu": [
        "x64"
      ],
      "license": "MIT",
      "optional": true,
      "os": [
        "linux"
      ]
    },
    "node_modules/sst-linux-x86": {
      "version": "4.5.7",
      "resolved": "https://registry.npmjs.org/sst-linux-x86/-/sst-linux-x86-4.5.7.tgz",
      "integrity": "sha512-SrjIdhElWVIkvOuOqSrB23/uABJLi9Wxrer19JOXVFGXDLieADoCz906+atdQIGxYgR0X/xzSFdHaF6WLGAqDA==",
      "cpu": [
        "x86"
      ],
      "license": "MIT",
      "optional": true,
      "os": [
        "linux"
      ]
    },
    "node_modules/sst-win32-arm64": {
      "version": "4.5.7",
      "resolved": "https://registry.npmjs.org/sst-win32-arm64/-/sst-win32-arm64-4.5.7.tgz",
      "integrity": "sha512-2yYMftnty5lExOOox0AzBzOaDZ1yMNAdapCuK2znXIsGBUu6NbxKzBiFe0RPdLOkCqBjNt5diWy0sYEfZan52A==",
      "cpu": [
        "arm64"
      ],
      "license": "MIT",
      "optional": true,
      "os": [
        "win32"
      ]
    },
    "node_modules/sst-win32-x64": {
      "version": "4.5.7",
      "resolved": "https://registry.npmjs.org/sst-win32-x64/-/sst-win32-x64-4.5.7.tgz",
      "integrity": "sha512-JRnCjG5+RhbaghF0NGoVccxYWIP0ASAF69Rf07uIRjjjoWIRpiqo94bUCilGGk9S6LQaKl7SrV7nwEwuShXMEQ==",
      "cpu": [
        "x64"
      ],
      "license": "MIT",
      "optional": true,
      "os": [
        "win32"
      ]
    },
    "node_modules/sst-win32-x86": {
      "version": "4.5.7",
      "resolved": "https://registry.npmjs.org/sst-win32-x86/-/sst-win32-x86-4.5.7.tgz",
      "integrity": "sha512-ksSuRlOPC+DyJp31SGHi2Q8CleR6CmezqYNvVTPOedxUWVD9McKVTtEh6Jnen0m/0CoHAVpa1UopsaUu2XfMgQ==",
      "cpu": [
        "x86"
      ],
      "license": "MIT",
      "optional": true,
      "os": [
        "win32"
      ]
    },
    "node_modules/yallist": {
      "version": "4.0.0",
      "resolved": "https://registry.npmjs.org/yallist/-/yallist-4.0.0.tgz",
      "integrity": "sha512-3wdGidZyq5PB084XLES5TpOSRA3wjXAlIWMhum2kRcv/41Sn2emQ0dycQW4uZXLejwKvg6EsvbdlVL+FYEct7A==",
      "license": "ISC"
    }
  }
}
